{
  "name": "spark",
  "version": "0.1.0",
  "lockfileVersion": 3,
  "requires": true,
  "packages": {
    "": {
      "name": "spark",
      "version": "0.1.0",
      "workspaces": [
        "packages/protocol",
        "packages/engine",
        "packages/sdk-ts",
        "apps/cli",
        "apps/viewer-ascii",
        "bots/naive",
        "bots/positional"
      ],
      "devDependencies": {
        "@types/node": "^22.10.2",
        "typescript": "^5.9.3"
      },
      "engines": {
        "node": ">=22"
      }
    },
    "apps/cli": {
      "name": "@spark/cli",
      "version": "0.1.0",
      "dependencies": {
        "@spark/engine": "*",
        "@spark/protocol": "*"
      },
      "bin": {
        "spark": "dist/src/main.js"
      }
    },
    "apps/viewer-ascii": {
      "name": "@spark/viewer-ascii",
      "version": "0.1.0",
      "dependencies": {
        "@spark/cli": "*",
        "@spark/engine": "*",
        "@spark/protocol": "*"
      },
      "bin": {
        "spark-view": "dist/src/main.js"
      }
    },
    "bots/naive": {
      "name": "@spark/bot-naive",
      "version": "0.1.0",
      "dependencies": {
        "@spark/protocol": "*",
        "@spark/sdk": "*"
      }
    },
    "bots/positional": {
      "name": "@spark/bot-positional",
      "version": "0.1.0",
      "dependencies": {
        "@spark/protocol": "*",
        "@spark/sdk": "*"
      }
    },
    "node_modules/@spark/bot-naive": {
      "resolved": "bots/naive",
      "link": true
    },
    "node_modules/@spark/bot-positional": {
      "resolved": "bots/positional",
      "link": true
    },
    "node_modules/@spark/cli": {
      "resolved": "apps/cli",
      "link": true
    },
    "node_modules/@spark/engine": {
      "resolved": "packages/engine",
      "link": true
    },
    "node_modules/@spark/protocol": {
      "resolved": "packages/protocol",
      "link": true
    },
    "node_modules/@spark/sdk": {
      "resolved": "packages/sdk-ts",
      "link": true
    },
    "node_modules/@spark/viewer-ascii": {
      "resolved": "apps/viewer-ascii",
      "link": true
    },
    "node_modules/@types/node": {
      "version": "22.20.1",
      "resolved": "https://registry.npmjs.org/@types/node/-/node-22.20.1.tgz",
      "integrity": "sha512-EANqOCF9QFyra+4pfxUcX9STKJpCLjMbObVzljIJomAWSnuSIEAvyzEU53GaajbXJEgdh0iEcPL+DGvpUd4k1Q==",
      "dev": true,
      "license": "MIT",
      "dependencies": {
        "undici-types": "~6.21.0"
      }
    },
    "node_modules/typescript": {
      "version": "5.9.3",
      "resolved": "https://registry.npmjs.org/typescript/-/typescript-5.9.3.tgz",
      "integrity": "sha512-jl1vZzPDinLr9eUt3J/t7V6FgNEw9QjvBPdysz9KfQDD41fQrC2Y4vKQdiaUpFT4bXlb1RHhLpp8wtm6M5TgSw==",
      "dev": true,
      "license": "Apache-2.0",
      "bin": {
        "tsc": "bin/tsc",
        "tsserver": "bin/tsserver"
      },
      "engines": {
        "node": ">=14.17"
      }
    },
    "node_modules/undici-types": {
      "version": "6.21.0",
      "resolved": "https://registry.npmjs.org/undici-types/-/undici-types-6.21.0.tgz",
      "integrity": "sha512-iwDZqg0QAGrg9Rav5H4n0M64c3mkR59cJ6wQp+7C4nI0gsmExaedaYLNO44eT4AtBBwjbTiGPMlt2Md0T9H9JQ==",
      "dev": true,
      "license": "MIT"
    },
    "packages/engine": {
      "name": "@spark/engine",
      "version": "0.1.0",
      "dependencies": {
        "@spark/protocol": "*"
      }
    },
    "packages/protocol": {
      "name": "@spark/protocol",
      "version": "0.1.0"
    },
    "packages/sdk-ts": {
      "name": "@spark/sdk",
      "version": "0.1.0",
      "dependencies": {
        "@spark/engine": "*",
        "@spark/protocol": "*"
      }
    }
  }
}
